
Microsoft Visual Studio Solution File, Format Version 12.00
Project("{FAE04EC0-301F-11D3-BF4B-00C04F79EFBC}") = "ResGen", "ResGen\ResGen.csproj", "{32F384DB-5CAC-4161-BF65-3B57A3F736B7}"
EndProject
Global
	GlobalSection(SolutionConfigurationPlatforms) = preSolution
		Debug|Any CPU = Debug|Any CPU
		Release|Any CPU = Release|Any CPU
	EndGlobalSection
	GlobalSection(ProjectConfigurationPlatforms) = postSolution
		{32F384DB-5CAC-4161-BF65-3B57A3F736B7}.Debug|Any CPU.ActiveCfg = Debug|Any CPU
		{32F384DB-5CAC-4161-BF65-3B57A3F736B7}.Debug|Any CPU.Build.0 = Debug|Any CPU
		{32F384DB-5CAC-4161-BF65-3B57A3F736B7}.Release|Any CPU.ActiveCfg = Release|Any CPU
		{32F384DB-5CAC-4161-BF65-3B57A3F736B7}.Release|Any CPU.Build.0 = Release|Any CPU
	EndGlobalSection
EndGlobal
